<?xml version="1.0" encoding="utf-8"?>
<Project ToolsVersion="4.0" xmlns="http://schemas.microsoft.com/developer/msbuild/2003">
  <ItemGroup>
    <Filter Include="Source Files">
      <UniqueIdentifier>{4FC737F1-C7A5-4376-A066-2A32D752A2FF}</UniqueIdentifier>
      <Extensions>cpp;c;cc;cxx;def;odl;idl;hpj;bat;asm;asmx</Extensions>
    </Filter>
    <Filter Include="Header Files">
      <UniqueIdentifier>{93995380-89BD-4b04-88EB-625FBE52EBFB}</UniqueIdentifier>
      <Extensions>h;hpp;hxx;hm;inl;inc;xsd</Extensions>
    </Filter>
  </ItemGroup>
  <ItemGroup>
    <ClCompile Include="..\..\common\batch_factor.c">
      <Filter>Source Files</Filter>
    </ClCompile>
    <ClCompile Include="..\..\common\filter\clique.c">
      <Filter>Source Files</Filter>
    </ClCompile>
    <ClCompile Include="..\..\common\dickman.c">
      <Filter>Source Files</Filter>
    </ClCompile>
    <ClCompile Include="..\..\common\expr_eval.c">
      <Filter>Source Files</Filter>
    </ClCompile>
    <ClCompile Include="..\..\common\filter\filter.c">
      <Filter>Source Files</Filter>
    </ClCompile>
    <ClCompile Include="..\..\common\smallfact\gmp_ecm.c">
      <Filter>Source Files</Filter>
    </ClCompile>
    <ClCompile Include="..\..\common\hashtable.c">
      <Filter>Source Files</Filter>
    </ClCompile>
    <ClCompile Include="..\..\common\integrate.c">
      <Filter>Source Files</Filter>
    </ClCompile>
    <ClCompile Include="..\..\common\lanczos\lanczos.c">
      <Filter>Source Files</Filter>
    </ClCompile>
    <ClCompile Include="..\..\common\lanczos\lanczos_io.c">
      <Filter>Source Files</Filter>
    </ClCompile>
    <ClCompile Include="..\..\common\lanczos\lanczos_matmul0.c">
      <Filter>Source Files</Filter>
    </ClCompile>
    <ClCompile Include="..\..\common\lanczos\lanczos_matmul1.c">
      <Filter>Source Files</Filter>
    </ClCompile>
    <ClCompile Include="..\..\common\lanczos\lanczos_matmul2.c">
      <Filter>Source Files</Filter>
    </ClCompile>
    <ClCompile Include="..\..\common\lanczos\lanczos_pre.c">
      <Filter>Source Files</Filter>
    </ClCompile>
    <ClCompile Include="..\..\common\filter\merge.c">
      <Filter>Source Files</Filter>
    </ClCompile>
    <ClCompile Include="..\..\common\filter\merge_post.c">
      <Filter>Source Files</Filter>
    </ClCompile>
    <ClCompile Include="..\..\common\filter\merge_pre.c">
      <Filter>Source Files</Filter>
    </ClCompile>
    <ClCompile Include="..\..\common\filter\merge_util.c">
      <Filter>Source Files</Filter>
    </ClCompile>
    <ClCompile Include="..\..\common\minimize.c">
      <Filter>Source Files</Filter>
    </ClCompile>
    <ClCompile Include="..\..\common\mp.c">
      <Filter>Source Files</Filter>
    </ClCompile>
    <ClCompile Include="..\..\common\polyroot.c">
      <Filter>Source Files</Filter>
    </ClCompile>
    <ClCompile Include="..\..\common\prime_delta.c">
      <Filter>Source Files</Filter>
    </ClCompile>
    <ClCompile Include="..\..\common\prime_sieve.c">
      <Filter>Source Files</Filter>
    </ClCompile>
    <ClCompile Include="..\..\common\savefile.c">
      <Filter>Source Files</Filter>
    </ClCompile>
    <ClCompile Include="..\..\common\filter\singleton.c">
      <Filter>Source Files</Filter>
    </ClCompile>
    <ClCompile Include="..\..\common\smallfact\smallfact.c">
      <Filter>Source Files</Filter>
    </ClCompile>
    <ClCompile Include="..\..\common\smallfact\squfof.c">
      <Filter>Source Files</Filter>
    </ClCompile>
    <ClCompile Include="..\..\common\strtoll.c">
      <Filter>Source Files</Filter>
    </ClCompile>
    <ClCompile Include="..\..\common\smallfact\tinyqs.c">
      <Filter>Source Files</Filter>
    </ClCompile>
    <ClCompile Include="..\..\common\util.c">
      <Filter>Source Files</Filter>
    </ClCompile>
    <ClCompile Include="..\..\common\minimize_global.c">
      <Filter>Source Files</Filter>
    </ClCompile>
    <ClCompile Include="..\..\common\lanczos\lanczos_vv.c">
      <Filter>Source Files</Filter>
    </ClCompile>
    <ClCompile Include="..\..\common\lanczos\matmul_util.c">
      <Filter>Source Files</Filter>
    </ClCompile>
    <ClCompile Include="..\..\common\thread.c">
      <Filter>Source Files</Filter>
    </ClCompile>
    <ClCompile Include="..\..\common\cuda_xface.c">
      <Filter>Source Files</Filter>
    </ClCompile>
    <ClCompile Include="..\..\common\driver.c">
      <Filter>Source Files</Filter>
    </ClCompile>
  </ItemGroup>
  <ItemGroup>
    <ClInclude Include="..\..\include\batch_factor.h">
      <Filter>Header Files</Filter>
    </ClInclude>
    <ClInclude Include="..\..\include\common.h">
      <Filter>Header Files</Filter>
    </ClInclude>
    <ClInclude Include="..\..\include\dd.h">
      <Filter>Header Files</Filter>
    </ClInclude>
    <ClInclude Include="..\..\include\ddcomplex.h">
      <Filter>Header Files</Filter>
    </ClInclude>
    <ClInclude Include="..\..\common\filter\filter.h">
      <Filter>Header Files</Filter>
    </ClInclude>
    <ClInclude Include="..\..\common\filter\filter_priv.h">
      <Filter>Header Files</Filter>
    </ClInclude>
    <ClInclude Include="..\..\include\integrate.h">
      <Filter>Header Files</Filter>
    </ClInclude>
    <ClInclude Include="..\..\common\lanczos\lanczos.h">
      <Filter>Header Files</Filter>
    </ClInclude>
    <ClInclude Include="..\..\include\mp.h">
      <Filter>Header Files</Filter>
    </ClInclude>
    <ClInclude Include="..\..\include\msieve.h">
      <Filter>Header Files</Filter>
    </ClInclude>
    <ClInclude Include="..\..\include\polyroot.h">
      <Filter>Header Files</Filter>
    </ClInclude>
    <ClInclude Include="..\..\include\util.h">
      <Filter>Header Files</Filter>
    </ClInclude>
    <ClInclude Include="..\..\include\thread.h">
      <Filter>Header Files</Filter>
    </ClInclude>
    <ClInclude Include="..\..\..\pthreads\config.h">
      <Filter>Header Files</Filter>
    </ClInclude>
    <ClInclude Include="..\..\..\gmp-ecm\ecm.h">
      <Filter>Header Files</Filter>
    </ClInclude>
    <ClInclude Include="..\..\..\mpir\lib\x64\Release\gmp.h">
      <Filter>Header Files</Filter>
    </ClInclude>
    <ClInclude Include="..\..\..\pthreads\pthread.h">
      <Filter>Header Files</Filter>
    </ClInclude>
    <ClInclude Include="..\..\zlib\zlib.h">
      <Filter>Header Files</Filter>
    </ClInclude>
    <ClInclude Include="..\..\zlib\zconf.h">
      <Filter>Header Files</Filter>
    </ClInclude>
    <ClInclude Include="..\..\common\filter\merge_util.h">
      <Filter>Header Files</Filter>
    </ClInclude>
    <ClInclude Include="..\..\include\cuda_xface.h">
      <Filter>Header Files</Filter>
    </ClInclude>
    <ClInclude Include="..\..\include\gmp_xface.h">
      <Filter>Header Files</Filter>
    </ClInclude>
  </ItemGroup>
</Project>